
Microsoft Visual Studio Solution File, Format Version 12.00
# Visual Studio Version 17
VisualStudioVersion = 17.8.34330.188
MinimumVisualStudioVersion = 10.0.40219.1
Project("{FAE04EC0-301F-11D3-BF4B-00C04F79EFBC}") = "WebAppBank", "WebAppBank\WebAppBank.csproj", "{81BEA6EA-43C0-472A-91EE-D7E7B610CFF9}"
EndProject
Global
	GlobalSection(SolutionConfigurationPlatforms) = preSolution
		Debug|Any CPU = Debug|Any CPU
		Release|Any CPU = Release|Any CPU
	EndGlobalSection
	GlobalSection(ProjectConfigurationPlatforms) = postSolution
		{81BEA6EA-43C0-472A-91EE-D7E7B610CFF9}.Debug|Any CPU.ActiveCfg = Debug|Any CPU
		{81BEA6EA-43C0-472A-91EE-D7E7B610CFF9}.Debug|Any CPU.Build.0 = Debug|Any CPU
		{81BEA6EA-43C0-472A-91EE-D7E7B610CFF9}.Release|Any CPU.ActiveCfg = Release|Any CPU
		{81BEA6EA-43C0-472A-91EE-D7E7B610CFF9}.Release|Any CPU.Build.0 = Release|Any CPU
	EndGlobalSection
	GlobalSection(SolutionProperties) = preSolution
		HideSolutionNode = FALSE
	EndGlobalSection
	GlobalSection(ExtensibilityGlobals) = postSolution
		SolutionGuid = {6C49EFE4-C13C-4182-87A0-671299E99C4E}
	EndGlobalSection
EndGlobal
